
Microsoft Visual Studio Solution File, Format Version 12.00
# Visual Studio 15
VisualStudioVersion = 15.0.28010.2041
MinimumVisualStudioVersion = 10.0.40219.1
Project("{F184B08F-C81C-45F6-A57F-5ABD9991F28F}") = "Projet IHM_Taquin_Cylindrique", "Projet IHM_Taquin_Cylindrique\Projet IHM_Taquin_Cylindrique.vbproj", "{25078B31-A8D1-4527-BEBC-EB7BDF6ED592}"
EndProject
Global
	GlobalSection(SolutionConfigurationPlatforms) = preSolution
		Debug|Any CPU = Debug|Any CPU
		Release|Any CPU = Release|Any CPU
	EndGlobalSection
	GlobalSection(ProjectConfigurationPlatforms) = postSolution
		{25078B31-A8D1-4527-BEBC-EB7BDF6ED592}.Debug|Any CPU.ActiveCfg = Debug|Any CPU
		{25078B31-A8D1-4527-BEBC-EB7BDF6ED592}.Debug|Any CPU.Build.0 = Debug|Any CPU
		{25078B31-A8D1-4527-BEBC-EB7BDF6ED592}.Release|Any CPU.ActiveCfg = Release|Any CPU
		{25078B31-A8D1-4527-BEBC-EB7BDF6ED592}.Release|Any CPU.Build.0 = Release|Any CPU
	EndGlobalSection
	GlobalSection(SolutionProperties) = preSolution
		HideSolutionNode = FALSE
	EndGlobalSection
	GlobalSection(ExtensibilityGlobals) = postSolution
		SolutionGuid = {CDE2CD94-80EC-401D-AF1E-3CD12E6003E9}
	EndGlobalSection
EndGlobal
